github.com/go-theft-craft/minecraft-protocol v0.5.0 h1:R0ezfbQE0ty4ElGD4l70Y8/oyLyc6pSh5M6zwgGmPDo=
github.com/go-theft-craft/minecraft-protocol v0.5.0/go.mod h1:jEtrfISpmos7X2YQhXjyRcBFmSA00sLSGiF1poU7efs=
github.com/go-theft-craft/minecraft-simulation v0.1.0 h1:vc8R2YEMIdi51X7vsILVMOirMA2WdQJ3ybC71CD/Ilg=
github.com/go-theft-craft/minecraft-simulation v0.1.0/go.mod h1:YOtHWmSGvfKcZa7nFWSjf+o0wxdJDSDBMo2mSDKsY+E=
