github.com/go-theft-craft/minecraft-protocol v0.8.0 h1:nJsW9ApPwfgBP5ziy11A4UQh1RGjy3K4Y3WZSj2AQG4=
github.com/go-theft-craft/minecraft-protocol v0.8.0/go.mod h1:jEtrfISpmos7X2YQhXjyRcBFmSA00sLSGiF1poU7efs=
github.com/go-theft-craft/minecraft-simulation v0.1.0 h1:vc8R2YEMIdi51X7vsILVMOirMA2WdQJ3ybC71CD/Ilg=
github.com/go-theft-craft/minecraft-simulation v0.1.0/go.mod h1:YOtHWmSGvfKcZa7nFWSjf+o0wxdJDSDBMo2mSDKsY+E=
