github.com/go-theft-craft/minecraft-protocol v0.8.0 h1:nJsW9ApPwfgBP5ziy11A4UQh1RGjy3K4Y3WZSj2AQG4=
github.com/go-theft-craft/minecraft-protocol v0.8.0/go.mod h1:jEtrfISpmos7X2YQhXjyRcBFmSA00sLSGiF1poU7efs=
github.com/go-theft-craft/minecraft-simulation v0.4.0 h1:JUFVK+P0QNJu6Edj1C5tvg0c8lg1ypAYIsXKnlZseHc=
github.com/go-theft-craft/minecraft-simulation v0.4.0/go.mod h1:D3tc/5RGAKvd+wMDkDESGPR0BQ4M0i4dl7v364EdYIE=
